{
  "version": 4,
  "terraform_version": "1.0.8",
  "serial": 33,
  "lineage": "0cfeeee4-11cb-058a-0cef-7cf68dbeef53",
  "outputs": {
    "public_dns": {
      "value": "devops-sg-ASG-EALB-668285853.eu-west-2.elb.amazonaws.com",
      "type": "string"
    }
  },
  "resources": [
    {
      "mode": "managed",
      "type": "aws_autoscaling_group",
      "name": "devops_web_asg",
      "provider": "provider[\"registry.terraform.io/hashicorp/aws\"]",
      "instances": [
        {
          "schema_version": 0,
          "attributes": {
            "arn": "arn:aws:autoscaling:eu-west-2:461829972849:autoScalingGroup:3e51c79a-f7b9-442e-8e1e-2b9b2579f545:autoScalingGroupName/devops_web_asg",
            "availability_zones": [
              "eu-west-2a",
              "eu-west-2b",
              "eu-west-2c"
            ],
            "capacity_rebalance": false,
            "default_cooldown": 300,
            "desired_capacity": 1,
            "enabled_metrics": [
              "GroupDesiredCapacity",
              "GroupInServiceInstances",
              "GroupMaxSize",
              "GroupMinSize",
              "GroupTotalInstances"
            ],
            "force_delete": false,
            "force_delete_warm_pool": false,
            "health_check_grace_period": 300,
            "health_check_type": "EC2",
            "id": "devops_web_asg",
            "initial_lifecycle_hook": [],
            "instance_refresh": [],
            "launch_configuration": "devops-20211021121546962200000004",
            "launch_template": [],
            "load_balancers": [],
            "max_instance_lifetime": 0,
            "max_size": 3,
            "metrics_granularity": "1Minute",
            "min_elb_capacity": null,
            "min_size": 1,
            "mixed_instances_policy": [],
            "name": "devops_web_asg",
            "name_prefix": "",
            "placement_group": "",
            "protect_from_scale_in": false,
            "service_linked_role_arn": "arn:aws:iam::461829972849:role/aws-service-role/autoscaling.amazonaws.com/AWSServiceRoleForAutoScaling",
            "suspended_processes": [],
            "tag": [],
            "tags": null,
            "target_group_arns": [
              "arn:aws:elasticloadbalancing:eu-west-2:461829972849:targetgroup/devops-sg-Int-ALB-TG-App1/4bf99416b69fa4be"
            ],
            "termination_policies": [],
            "timeouts": null,
            "vpc_zone_identifier": [
              "subnet-0184a1f207a1ec812",
              "subnet-04e79d570b20dbcc6",
              "subnet-08d74d422eac1e78f"
            ],
            "wait_for_capacity_timeout": "10m",
            "wait_for_elb_capacity": null,
            "warm_pool": []
          },
          "sensitive_attributes": [],
          "private": "eyJlMmJmYjczMC1lY2FhLTExZTYtOGY4OC0zNDM2M2JjN2M0YzAiOnsiZGVsZXRlIjo2MDAwMDAwMDAwMDB9fQ==",
          "dependencies": [
            "aws_launch_configuration.web_launch_conf",
            "aws_subnet.devops-pub-1b",
            "aws_iam_instance_profile.ec2_instance_profile",
            "aws_iam_role.devops_ec2_role",
            "aws_lb_target_group.external_alb_tg_app1",
            "aws_security_group.asg_web_sg",
            "aws_subnet.devops-pub-1a",
            "aws_subnet.devops-pub-1c",
            "aws_vpc.devops_vpc"
          ],
          "create_before_destroy": true
        }
      ]
    },
    {
      "mode": "managed",
      "type": "aws_autoscaling_policy",
      "name": "devops_web_asg_policy_down",
      "provider": "provider[\"registry.terraform.io/hashicorp/aws\"]",
      "instances": [
        {
          "schema_version": 0,
          "attributes": {
            "adjustment_type": "ChangeInCapacity",
            "arn": "arn:aws:autoscaling:eu-west-2:461829972849:scalingPolicy:0e1cf7d2-c9b5-48c5-8fd8-1692b7d22141:autoScalingGroupName/devops_web_asg:policyName/devops_web_asg_policy_down",
            "autoscaling_group_name": "devops_web_asg",
            "cooldown": 300,
            "estimated_instance_warmup": 0,
            "id": "devops_web_asg_policy_down",
            "metric_aggregation_type": "",
            "min_adjustment_magnitude": null,
            "name": "devops_web_asg_policy_down",
            "policy_type": "SimpleScaling",
            "predictive_scaling_configuration": [],
            "scaling_adjustment": -1,
            "step_adjustment": [],
            "target_tracking_configuration": []
          },
          "sensitive_attributes": [],
          "private": "bnVsbA==",
          "dependencies": [
            "aws_iam_role.devops_ec2_role",
            "aws_lb_target_group.external_alb_tg_app1",
            "aws_subnet.devops-pub-1c",
            "aws_vpc.devops_vpc",
            "aws_autoscaling_group.devops_web_asg",
            "aws_iam_instance_profile.ec2_instance_profile",
            "aws_launch_configuration.web_launch_conf",
            "aws_security_group.asg_web_sg",
            "aws_subnet.devops-pub-1a",
            "aws_subnet.devops-pub-1b"
          ]
        }
      ]
    },
    {
      "mode": "managed",
      "type": "aws_autoscaling_policy",
      "name": "devops_web_asg_policy_up",
      "provider": "provider[\"registry.terraform.io/hashicorp/aws\"]",
      "instances": [
        {
          "schema_version": 0,
          "attributes": {
            "adjustment_type": "ChangeInCapacity",
            "arn": "arn:aws:autoscaling:eu-west-2:461829972849:scalingPolicy:d7458e33-5e7c-4008-a7da-19f5dae25db5:autoScalingGroupName/devops_web_asg:policyName/devops_web_asg_policy_up",
            "autoscaling_group_name": "devops_web_asg",
            "cooldown": 300,
            "estimated_instance_warmup": 0,
            "id": "devops_web_asg_policy_up",
            "metric_aggregation_type": "",
            "min_adjustment_magnitude": null,
            "name": "devops_web_asg_policy_up",
            "policy_type": "SimpleScaling",
            "predictive_scaling_configuration": [],
            "scaling_adjustment": 1,
            "step_adjustment": [],
            "target_tracking_configuration": []
          },
          "sensitive_attributes": [],
          "private": "bnVsbA==",
          "dependencies": [
            "aws_iam_instance_profile.ec2_instance_profile",
            "aws_launch_configuration.web_launch_conf",
            "aws_subnet.devops-pub-1c",
            "aws_vpc.devops_vpc",
            "aws_autoscaling_group.devops_web_asg",
            "aws_iam_role.devops_ec2_role",
            "aws_lb_target_group.external_alb_tg_app1",
            "aws_security_group.asg_web_sg",
            "aws_subnet.devops-pub-1a",
            "aws_subnet.devops-pub-1b"
          ]
        }
      ]
    },
    {
      "mode": "managed",
      "type": "aws_cloudwatch_metric_alarm",
      "name": "devops_web_asg_cpu_alarm_down",
      "provider": "provider[\"registry.terraform.io/hashicorp/aws\"]",
      "instances": [
        {
          "schema_version": 1,
          "attributes": {
            "actions_enabled": true,
            "alarm_actions": [
              "arn:aws:autoscaling:eu-west-2:461829972849:scalingPolicy:0e1cf7d2-c9b5-48c5-8fd8-1692b7d22141:autoScalingGroupName/devops_web_asg:policyName/devops_web_asg_policy_down"
            ],
            "alarm_description": "This metric monitor EC2 instance CPU utilization",
            "alarm_name": "devops_web__asg_cpu_alarm_down",
            "arn": "arn:aws:cloudwatch:eu-west-2:461829972849:alarm:devops_web__asg_cpu_alarm_down",
            "comparison_operator": "LessThanOrEqualToThreshold",
            "datapoints_to_alarm": 0,
            "dimensions": {
              "AutoScalingGroupName": "devops_web_asg"
            },
            "evaluate_low_sample_count_percentiles": "",
            "evaluation_periods": 2,
            "extended_statistic": "",
            "id": "devops_web__asg_cpu_alarm_down",
            "insufficient_data_actions": [],
            "metric_name": "CPUUtilization",
            "metric_query": [],
            "namespace": "AWS/EC2",
            "ok_actions": [],
            "period": 120,
            "statistic": "Average",
            "tags": {},
            "tags_all": {},
            "threshold": 20,
            "threshold_metric_id": "",
            "treat_missing_data": "missing",
            "unit": ""
          },
          "sensitive_attributes": [],
          "private": "eyJzY2hlbWFfdmVyc2lvbiI6IjEifQ==",
          "dependencies": [
            "aws_security_group.asg_web_sg",
            "aws_subnet.devops-pub-1a",
            "aws_autoscaling_group.devops_web_asg",
            "aws_autoscaling_policy.devops_web_asg_policy_down",
            "aws_iam_instance_profile.ec2_instance_profile",
            "aws_iam_role.devops_ec2_role",
            "aws_launch_configuration.web_launch_conf",
            "aws_lb_target_group.external_alb_tg_app1",
            "aws_subnet.devops-pub-1b",
            "aws_subnet.devops-pub-1c",
            "aws_vpc.devops_vpc"
          ]
        }
      ]
    },
    {
      "mode": "managed",
      "type": "aws_cloudwatch_metric_alarm",
      "name": "devops_web_asg_cpu_alarm_up",
      "provider": "provider[\"registry.terraform.io/hashicorp/aws\"]",
      "instances": [
        {
          "schema_version": 1,
          "attributes": {
            "actions_enabled": true,
            "alarm_actions": [
              "arn:aws:autoscaling:eu-west-2:461829972849:scalingPolicy:d7458e33-5e7c-4008-a7da-19f5dae25db5:autoScalingGroupName/devops_web_asg:policyName/devops_web_asg_policy_up"
            ],
            "alarm_description": "This metric monitor EC2 instance CPU utilization",
            "alarm_name": "devops_web_asg_cpu_alarm_up",
            "arn": "arn:aws:cloudwatch:eu-west-2:461829972849:alarm:devops_web_asg_cpu_alarm_up",
            "comparison_operator": "GreaterThanOrEqualToThreshold",
            "datapoints_to_alarm": 0,
            "dimensions": {
              "AutoScalingGroupName": "devops_web_asg"
            },
            "evaluate_low_sample_count_percentiles": "",
            "evaluation_periods": 2,
            "extended_statistic": "",
            "id": "devops_web_asg_cpu_alarm_up",
            "insufficient_data_actions": [],
            "metric_name": "CPUUtilization",
            "metric_query": [],
            "namespace": "AWS/EC2",
            "ok_actions": [],
            "period": 120,
            "statistic": "Average",
            "tags": {},
            "tags_all": {},
            "threshold": 80,
            "threshold_metric_id": "",
            "treat_missing_data": "missing",
            "unit": ""
          },
          "sensitive_attributes": [],
          "private": "eyJzY2hlbWFfdmVyc2lvbiI6IjEifQ==",
          "dependencies": [
            "aws_security_group.asg_web_sg",
            "aws_subnet.devops-pub-1a",
            "aws_subnet.devops-pub-1b",
            "aws_vpc.devops_vpc",
            "aws_autoscaling_policy.devops_web_asg_policy_up",
            "aws_iam_instance_profile.ec2_instance_profile",
            "aws_lb_target_group.external_alb_tg_app1",
            "aws_subnet.devops-pub-1c",
            "aws_autoscaling_group.devops_web_asg",
            "aws_iam_role.devops_ec2_role",
            "aws_launch_configuration.web_launch_conf"
          ]
        }
      ]
    },
    {
      "mode": "managed",
      "type": "aws_db_instance",
      "name": "fp-rds",
      "provider": "provider[\"registry.terraform.io/hashicorp/aws\"]",
      "instances": [
        {
          "schema_version": 1,
          "attributes": {
            "address": "terraform-20211021122823832200000001.c7atl5qhcks7.eu-west-2.rds.amazonaws.com",
            "allocated_storage": 10,
            "allow_major_version_upgrade": false,
            "apply_immediately": true,
            "arn": "arn:aws:rds:eu-west-2:461829972849:db:terraform-20211021122823832200000001",
            "auto_minor_version_upgrade": false,
            "availability_zone": "eu-west-2a",
            "backup_retention_period": 0,
            "backup_window": "00:26-00:56",
            "ca_cert_identifier": "rds-ca-2019",
            "character_set_name": "",
            "copy_tags_to_snapshot": false,
            "customer_owned_ip_enabled": false,
            "db_subnet_group_name": "sql-db-subnet-group",
            "delete_automated_backups": true,
            "deletion_protection": false,
            "domain": "",
            "domain_iam_role_name": "",
            "enabled_cloudwatch_logs_exports": null,
            "endpoint": "terraform-20211021122823832200000001.c7atl5qhcks7.eu-west-2.rds.amazonaws.com:5000",
            "engine": "mysql",
            "engine_version": "5.7",
            "engine_version_actual": "5.7.33",
            "final_snapshot_identifier": null,
            "hosted_zone_id": "Z1TTGA775OQIYO",
            "iam_database_authentication_enabled": false,
            "id": "terraform-20211021122823832200000001",
            "identifier": "terraform-20211021122823832200000001",
            "identifier_prefix": null,
            "instance_class": "db.t3.micro",
            "iops": 0,
            "kms_key_id": "",
            "latest_restorable_time": "0001-01-01T00:00:00Z",
            "license_model": "general-public-license",
            "maintenance_window": "mon:03:19-mon:03:49",
            "max_allocated_storage": 0,
            "monitoring_interval": 0,
            "monitoring_role_arn": "",
            "multi_az": false,
            "name": "hello_world",
            "nchar_character_set_name": "",
            "option_group_name": "default:mysql-5-7",
            "parameter_group_name": "default.mysql5.7",
            "password": "webpass123#",
            "performance_insights_enabled": false,
            "performance_insights_kms_key_id": "",
            "performance_insights_retention_period": 0,
            "port": 5000,
            "publicly_accessible": false,
            "replica_mode": "",
            "replicas": [],
            "replicate_source_db": "",
            "resource_id": "db-LZYIKWM4TJHN4GO2AY2F3E6FZQ",
            "restore_to_point_in_time": [],
            "s3_import": [],
            "security_group_names": null,
            "skip_final_snapshot": false,
            "snapshot_identifier": null,
            "status": "available",
            "storage_encrypted": false,
            "storage_type": "gp2",
            "tags": null,
            "tags_all": {},
            "timeouts": null,
            "timezone": "",
            "username": "webapp",
            "vpc_security_group_ids": [
              "sg-0f1b44bd9d0e5dfdb"
            ]
          },
          "sensitive_attributes": [],
          "private": "eyJlMmJmYjczMC1lY2FhLTExZTYtOGY4OC0zNDM2M2JjN2M0YzAiOnsiY3JlYXRlIjoyNDAwMDAwMDAwMDAwLCJkZWxldGUiOjM2MDAwMDAwMDAwMDAsInVwZGF0ZSI6NDgwMDAwMDAwMDAwMH0sInNjaGVtYV92ZXJzaW9uIjoiMSJ9",
          "dependencies": [
            "aws_db_subnet_group.db-db-subnet",
            "aws_security_group.rds-db-sg",
            "aws_subnet.devops-prv-1a",
            "aws_subnet.devops-pub-1b"
          ]
        }
      ]
    },
    {
      "mode": "managed",
      "type": "aws_db_subnet_group",
      "name": "db-db-subnet",
      "provider": "provider[\"registry.terraform.io/hashicorp/aws\"]",
      "instances": [
        {
          "schema_version": 0,
          "attributes": {
            "arn": "arn:aws:rds:eu-west-2:461829972849:subgrp:sql-db-subnet-group",
            "description": "Managed by Terraform",
            "id": "sql-db-subnet-group",
            "name": "sql-db-subnet-group",
            "name_prefix": null,
            "subnet_ids": [
              "subnet-08d74d422eac1e78f",
              "subnet-0b9d2c70da321d16e"
            ],
            "tags": {
              "Name": "flask-sql-db-subnet"
            },
            "tags_all": {
              "Name": "flask-sql-db-subnet"
            }
          },
          "sensitive_attributes": [],
          "private": "bnVsbA==",
          "dependencies": [
            "aws_subnet.devops-prv-1a",
            "aws_subnet.devops-pub-1b"
          ]
        }
      ]
    },
    {
      "mode": "managed",
      "type": "aws_iam_instance_profile",
      "name": "ec2_instance_profile",
      "provider": "provider[\"registry.terraform.io/hashicorp/aws\"]",
      "instances": [
        {
          "schema_version": 0,
          "attributes": {
            "arn": "arn:aws:iam::461829972849:instance-profile/ec2_instance_profile",
            "create_date": "2021-10-21T12:15:27Z",
            "id": "ec2_instance_profile",
            "name": "ec2_instance_profile",
            "name_prefix": null,
            "path": "/",
            "role": "devops2_ec2_role",
            "tags": {},
            "tags_all": {},
            "unique_id": "AIPAWXBZWENY45XVA46EZ"
          },
          "sensitive_attributes": [],
          "private": "bnVsbA==",
          "dependencies": [
            "aws_iam_role.devops_ec2_role"
          ],
          "create_before_destroy": true
        }
      ]
    },
    {
      "mode": "managed",
      "type": "aws_iam_role",
      "name": "devops_ec2_role",
      "provider": "provider[\"registry.terraform.io/hashicorp/aws\"]",
      "instances": [
        {
          "schema_version": 0,
          "attributes": {
            "arn": "arn:aws:iam::461829972849:role/devops2_ec2_role",
            "assume_role_policy": "{\"Version\":\"2012-10-17\",\"Statement\":[{\"Sid\":\"\",\"Effect\":\"Allow\",\"Principal\":{\"Service\":\"ec2.amazonaws.com\"},\"Action\":\"sts:AssumeRole\"}]}",
            "create_date": "2021-10-21T12:15:24Z",
            "description": "",
            "force_detach_policies": false,
            "id": "devops2_ec2_role",
            "inline_policy": [
              {
                "name": "",
                "policy": ""
              }
            ],
            "managed_policy_arns": [
              "arn:aws:iam::461829972849:policy/AmazonS3FullAccess_arn",
              "arn:aws:iam::aws:policy/AmazonRDSFullAccess"
            ],
            "max_session_duration": 3600,
            "name": "devops2_ec2_role",
            "name_prefix": "",
            "path": "/",
            "permissions_boundary": null,
            "tags": {
              "Name": "devops_ec2_role"
            },
            "tags_all": {
              "Name": "devops_ec2_role"
            },
            "unique_id": "AROAWXBZWENYTJAB2ISJ7"
          },
          "sensitive_attributes": [],
          "private": "bnVsbA==",
          "create_before_destroy": true
        }
      ]
    },
    {
      "mode": "managed",
      "type": "aws_iam_role_policy_attachment",
      "name": "ec2_RDSfullaccess_attach",
      "provider": "provider[\"registry.terraform.io/hashicorp/aws\"]",
      "instances": [
        {
          "schema_version": 0,
          "attributes": {
            "id": "devops2_ec2_role-20211021121528522700000002",
            "policy_arn": "arn:aws:iam::aws:policy/AmazonRDSFullAccess",
            "role": "devops2_ec2_role"
          },
          "sensitive_attributes": [],
          "private": "bnVsbA==",
          "dependencies": [
            "aws_iam_role.devops_ec2_role"
          ]
        }
      ]
    },
    {
      "mode": "managed",
      "type": "aws_iam_role_policy_attachment",
      "name": "ec2_s3fullaccess_attach",
      "provider": "provider[\"registry.terraform.io/hashicorp/aws\"]",
      "instances": [
        {
          "schema_version": 0,
          "attributes": {
            "id": "devops2_ec2_role-20211021121528521500000001",
            "policy_arn": "arn:aws:iam::461829972849:policy/AmazonS3FullAccess_arn",
            "role": "devops2_ec2_role"
          },
          "sensitive_attributes": [],
          "private": "bnVsbA==",
          "dependencies": [
            "aws_iam_role.devops_ec2_role"
          ]
        }
      ]
    },
    {
      "mode": "managed",
      "type": "aws_internet_gateway",
      "name": "devops_internet_gateway",
      "provider": "provider[\"registry.terraform.io/hashicorp/aws\"]",
      "instances": [
        {
          "schema_version": 0,
          "attributes": {
            "arn": "arn:aws:ec2:eu-west-2:461829972849:internet-gateway/igw-026db2303d1480a66",
            "id": "igw-026db2303d1480a66",
            "owner_id": "461829972849",
            "tags": {
              "Name": "devops_IGW"
            },
            "tags_all": {
              "Name": "devops_IGW"
            },
            "vpc_id": "vpc-09dbf8ba6c25a7e54"
          },
          "sensitive_attributes": [],
          "private": "bnVsbA==",
          "dependencies": [
            "aws_vpc.devops_vpc"
          ]
        }
      ]
    },
    {
      "mode": "managed",
      "type": "aws_launch_configuration",
      "name": "web_launch_conf",
      "provider": "provider[\"registry.terraform.io/hashicorp/aws\"]",
      "instances": [
        {
          "schema_version": 0,
          "attributes": {
            "arn": "arn:aws:autoscaling:eu-west-2:461829972849:launchConfiguration:f529e80f-3109-4e88-a414-e63984563500:launchConfigurationName/devops-20211021121546962200000004",
            "associate_public_ip_address": true,
            "ebs_block_device": [],
            "ebs_optimized": false,
            "enable_monitoring": true,
            "ephemeral_block_device": [],
            "iam_instance_profile": "ec2_instance_profile",
            "id": "devops-20211021121546962200000004",
            "image_id": "ami-09a56048b08f94cdf",
            "instance_type": "t2.micro",
            "key_name": "Lateef",
            "metadata_options": [],
            "name": "devops-20211021121546962200000004",
            "name_prefix": "devops-",
            "placement_tenancy": null,
            "root_block_device": [],
            "security_groups": [
              "sg-0ad987ae2c811ae8c"
            ],
            "spot_price": "",
            "user_data": null,
            "user_data_base64": null,
            "vpc_classic_link_id": "",
            "vpc_classic_link_security_groups": []
          },
          "sensitive_attributes": [],
          "private": "bnVsbA==",
          "dependencies": [
            "aws_iam_instance_profile.ec2_instance_profile",
            "aws_iam_role.devops_ec2_role",
            "aws_security_group.asg_web_sg",
            "aws_vpc.devops_vpc"
          ],
          "create_before_destroy": true
        }
      ]
    },
    {
      "mode": "managed",
      "type": "aws_lb",
      "name": "ealb",
      "provider": "provider[\"registry.terraform.io/hashicorp/aws\"]",
      "instances": [
        {
          "schema_version": 0,
          "attributes": {
            "access_logs": [
              {
                "bucket": "",
                "enabled": false,
                "prefix": ""
              }
            ],
            "arn": "arn:aws:elasticloadbalancing:eu-west-2:461829972849:loadbalancer/app/devops-sg-ASG-EALB/5b419f1ab6d69850",
            "arn_suffix": "app/devops-sg-ASG-EALB/5b419f1ab6d69850",
            "customer_owned_ipv4_pool": "",
            "dns_name": "devops-sg-ASG-EALB-668285853.eu-west-2.elb.amazonaws.com",
            "drop_invalid_header_fields": false,
            "enable_cross_zone_load_balancing": null,
            "enable_deletion_protection": false,
            "enable_http2": true,
            "id": "arn:aws:elasticloadbalancing:eu-west-2:461829972849:loadbalancer/app/devops-sg-ASG-EALB/5b419f1ab6d69850",
            "idle_timeout": 60,
            "internal": false,
            "ip_address_type": "ipv4",
            "load_balancer_type": "application",
            "name": "devops-sg-ASG-EALB",
            "name_prefix": null,
            "security_groups": [
              "sg-0028a8985c26acbe9"
            ],
            "subnet_mapping": [
              {
                "allocation_id": "",
                "ipv6_address": "",
                "outpost_id": "",
                "private_ipv4_address": "",
                "subnet_id": "subnet-0184a1f207a1ec812"
              },
              {
                "allocation_id": "",
                "ipv6_address": "",
                "outpost_id": "",
                "private_ipv4_address": "",
                "subnet_id": "subnet-04e79d570b20dbcc6"
              },
              {
                "allocation_id": "",
                "ipv6_address": "",
                "outpost_id": "",
                "private_ipv4_address": "",
                "subnet_id": "subnet-08d74d422eac1e78f"
              }
            ],
            "subnets": [
              "subnet-0184a1f207a1ec812",
              "subnet-04e79d570b20dbcc6",
              "subnet-08d74d422eac1e78f"
            ],
            "tags": {
              "name": "devops_External_ALB"
            },
            "tags_all": {
              "name": "devops_External_ALB"
            },
            "timeouts": null,
            "vpc_id": "vpc-09dbf8ba6c25a7e54",
            "zone_id": "ZHURV8PSTC4K8"
          },
          "sensitive_attributes": [],
          "private": "eyJlMmJmYjczMC1lY2FhLTExZTYtOGY4OC0zNDM2M2JjN2M0YzAiOnsiY3JlYXRlIjo2MDAwMDAwMDAwMDAsImRlbGV0ZSI6NjAwMDAwMDAwMDAwLCJ1cGRhdGUiOjYwMDAwMDAwMDAwMH19",
          "dependencies": [
            "aws_vpc.devops_vpc",
            "aws_security_group.ealb_sg",
            "aws_subnet.devops-pub-1a",
            "aws_subnet.devops-pub-1b",
            "aws_subnet.devops-pub-1c"
          ]
        }
      ]
    },
    {
      "mode": "managed",
      "type": "aws_lb_listener",
      "name": "external_alb_listener",
      "provider": "provider[\"registry.terraform.io/hashicorp/aws\"]",
      "instances": [
        {
          "schema_version": 0,
          "attributes": {
            "alpn_policy": null,
            "arn": "arn:aws:elasticloadbalancing:eu-west-2:461829972849:listener/app/devops-sg-ASG-EALB/5b419f1ab6d69850/eb7c57378a2c230a",
            "certificate_arn": null,
            "default_action": [
              {
                "authenticate_cognito": [],
                "authenticate_oidc": [],
                "fixed_response": [],
                "forward": [],
                "order": 1,
                "redirect": [],
                "target_group_arn": "arn:aws:elasticloadbalancing:eu-west-2:461829972849:targetgroup/devops-sg-Int-ALB-TG-App1/4bf99416b69fa4be",
                "type": "forward"
              }
            ],
            "id": "arn:aws:elasticloadbalancing:eu-west-2:461829972849:listener/app/devops-sg-ASG-EALB/5b419f1ab6d69850/eb7c57378a2c230a",
            "load_balancer_arn": "arn:aws:elasticloadbalancing:eu-west-2:461829972849:loadbalancer/app/devops-sg-ASG-EALB/5b419f1ab6d69850",
            "port": 80,
            "protocol": "HTTP",
            "ssl_policy": "",
            "tags": {},
            "tags_all": {},
            "timeouts": null
          },
          "sensitive_attributes": [],
          "private": "eyJlMmJmYjczMC1lY2FhLTExZTYtOGY4OC0zNDM2M2JjN2M0YzAiOnsicmVhZCI6NjAwMDAwMDAwMDAwfX0=",
          "dependencies": [
            "aws_subnet.devops-pub-1c",
            "aws_vpc.devops_vpc",
            "aws_lb.ealb",
            "aws_lb_target_group.external_alb_tg_app1",
            "aws_security_group.ealb_sg",
            "aws_subnet.devops-pub-1a",
            "aws_subnet.devops-pub-1b"
          ]
        }
      ]
    },
    {
      "mode": "managed",
      "type": "aws_lb_listener_rule",
      "name": "external_alb_rules",
      "provider": "provider[\"registry.terraform.io/hashicorp/aws\"]",
      "instances": [
        {
          "schema_version": 0,
          "attributes": {
            "action": [
              {
                "authenticate_cognito": [],
                "authenticate_oidc": [],
                "fixed_response": [],
                "forward": [],
                "order": 1,
                "redirect": [],
                "target_group_arn": "arn:aws:elasticloadbalancing:eu-west-2:461829972849:targetgroup/devops-sg-Int-ALB-TG-App1/4bf99416b69fa4be",
                "type": "forward"
              }
            ],
            "arn": "arn:aws:elasticloadbalancing:eu-west-2:461829972849:listener-rule/app/devops-sg-ASG-EALB/5b419f1ab6d69850/eb7c57378a2c230a/ed8a569537925290",
            "condition": [
              {
                "host_header": [],
                "http_header": [],
                "http_request_method": [],
                "path_pattern": [
                  {
                    "values": [
                      "/app1/*"
                    ]
                  }
                ],
                "query_string": [],
                "source_ip": []
              }
            ],
            "id": "arn:aws:elasticloadbalancing:eu-west-2:461829972849:listener-rule/app/devops-sg-ASG-EALB/5b419f1ab6d69850/eb7c57378a2c230a/ed8a569537925290",
            "listener_arn": "arn:aws:elasticloadbalancing:eu-west-2:461829972849:listener/app/devops-sg-ASG-EALB/5b419f1ab6d69850/eb7c57378a2c230a",
            "priority": 100,
            "tags": {},
            "tags_all": {}
          },
          "sensitive_attributes": [],
          "private": "bnVsbA==",
          "dependencies": [
            "aws_security_group.ealb_sg",
            "aws_subnet.devops-pub-1a",
            "aws_subnet.devops-pub-1b",
            "aws_subnet.devops-pub-1c",
            "aws_vpc.devops_vpc",
            "aws_lb.ealb",
            "aws_lb_listener.external_alb_listener",
            "aws_lb_target_group.external_alb_tg_app1"
          ]
        }
      ]
    },
    {
      "mode": "managed",
      "type": "aws_lb_target_group",
      "name": "external_alb_tg_app1",
      "provider": "provider[\"registry.terraform.io/hashicorp/aws\"]",
      "instances": [
        {
          "schema_version": 0,
          "attributes": {
            "arn": "arn:aws:elasticloadbalancing:eu-west-2:461829972849:targetgroup/devops-sg-Int-ALB-TG-App1/4bf99416b69fa4be",
            "arn_suffix": "targetgroup/devops-sg-Int-ALB-TG-App1/4bf99416b69fa4be",
            "deregistration_delay": "300",
            "health_check": [
              {
                "enabled": true,
                "healthy_threshold": 3,
                "interval": 30,
                "matcher": "200",
                "path": "/",
                "port": "traffic-port",
                "protocol": "HTTP",
                "timeout": 5,
                "unhealthy_threshold": 3
              }
            ],
            "id": "arn:aws:elasticloadbalancing:eu-west-2:461829972849:targetgroup/devops-sg-Int-ALB-TG-App1/4bf99416b69fa4be",
            "lambda_multi_value_headers_enabled": false,
            "load_balancing_algorithm_type": "round_robin",
            "name": "devops-sg-Int-ALB-TG-App1",
            "name_prefix": null,
            "port": 80,
            "preserve_client_ip": null,
            "protocol": "HTTP",
            "protocol_version": "HTTP1",
            "proxy_protocol_v2": false,
            "slow_start": 0,
            "stickiness": [
              {
                "cookie_duration": 86400,
                "cookie_name": "",
                "enabled": false,
                "type": "lb_cookie"
              }
            ],
            "tags": {
              "name": "devops_Ext_ALB_TG_App1"
            },
            "tags_all": {
              "name": "devops_Ext_ALB_TG_App1"
            },
            "target_type": "instance",
            "vpc_id": "vpc-09dbf8ba6c25a7e54"
          },
          "sensitive_attributes": [],
          "private": "bnVsbA==",
          "dependencies": [
            "aws_vpc.devops_vpc"
          ],
          "create_before_destroy": true
        }
      ]
    },
    {
      "mode": "managed",
      "type": "aws_route_table",
      "name": "devops_pub_route_table",
      "provider": "provider[\"registry.terraform.io/hashicorp/aws\"]",
      "instances": [
        {
          "schema_version": 0,
          "attributes": {
            "arn": "arn:aws:ec2:eu-west-2:461829972849:route-table/rtb-000ce51e5f17dd56d",
            "id": "rtb-000ce51e5f17dd56d",
            "owner_id": "461829972849",
            "propagating_vgws": [],
            "route": [
              {
                "carrier_gateway_id": "",
                "cidr_block": "0.0.0.0/0",
                "destination_prefix_list_id": "",
                "egress_only_gateway_id": "",
                "gateway_id": "igw-026db2303d1480a66",
                "instance_id": "",
                "ipv6_cidr_block": "",
                "local_gateway_id": "",
                "nat_gateway_id": "",
                "network_interface_id": "",
                "transit_gateway_id": "",
                "vpc_endpoint_id": "",
                "vpc_peering_connection_id": ""
              }
            ],
            "tags": {
              "Name": "devops_Public_Route_Table"
            },
            "tags_all": {
              "Name": "devops_Public_Route_Table"
            },
            "timeouts": null,
            "vpc_id": "vpc-09dbf8ba6c25a7e54"
          },
          "sensitive_attributes": [],
          "private": "eyJlMmJmYjczMC1lY2FhLTExZTYtOGY4OC0zNDM2M2JjN2M0YzAiOnsiY3JlYXRlIjoxMjAwMDAwMDAwMDAsImRlbGV0ZSI6MzAwMDAwMDAwMDAwLCJ1cGRhdGUiOjEyMDAwMDAwMDAwMH19",
          "dependencies": [
            "aws_internet_gateway.devops_internet_gateway",
            "aws_vpc.devops_vpc"
          ]
        }
      ]
    },
    {
      "mode": "managed",
      "type": "aws_route_table_association",
      "name": "devops_table_associatio_2a",
      "provider": "provider[\"registry.terraform.io/hashicorp/aws\"]",
      "instances": [
        {
          "schema_version": 0,
          "attributes": {
            "gateway_id": "",
            "id": "rtbassoc-060ece145b3e19e42",
            "route_table_id": "rtb-000ce51e5f17dd56d",
            "subnet_id": "subnet-04e79d570b20dbcc6"
          },
          "sensitive_attributes": [],
          "private": "bnVsbA==",
          "dependencies": [
            "aws_internet_gateway.devops_internet_gateway",
            "aws_route_table.devops_pub_route_table",
            "aws_subnet.devops-pub-1a",
            "aws_vpc.devops_vpc"
          ]
        }
      ]
    },
    {
      "mode": "managed",
      "type": "aws_route_table_association",
      "name": "devops_table_association_2b",
      "provider": "provider[\"registry.terraform.io/hashicorp/aws\"]",
      "instances": [
        {
          "schema_version": 0,
          "attributes": {
            "gateway_id": "",
            "id": "rtbassoc-01407c0ee11e3b83b",
            "route_table_id": "rtb-000ce51e5f17dd56d",
            "subnet_id": "subnet-08d74d422eac1e78f"
          },
          "sensitive_attributes": [],
          "private": "bnVsbA==",
          "dependencies": [
            "aws_internet_gateway.devops_internet_gateway",
            "aws_route_table.devops_pub_route_table",
            "aws_subnet.devops-pub-1b",
            "aws_vpc.devops_vpc"
          ]
        }
      ]
    },
    {
      "mode": "managed",
      "type": "aws_route_table_association",
      "name": "devops_table_association_2c",
      "provider": "provider[\"registry.terraform.io/hashicorp/aws\"]",
      "instances": [
        {
          "schema_version": 0,
          "attributes": {
            "gateway_id": "",
            "id": "rtbassoc-0e4aa14af705a50bb",
            "route_table_id": "rtb-000ce51e5f17dd56d",
            "subnet_id": "subnet-0184a1f207a1ec812"
          },
          "sensitive_attributes": [],
          "private": "bnVsbA==",
          "dependencies": [
            "aws_internet_gateway.devops_internet_gateway",
            "aws_route_table.devops_pub_route_table",
            "aws_subnet.devops-pub-1c",
            "aws_vpc.devops_vpc"
          ]
        }
      ]
    },
    {
      "mode": "managed",
      "type": "aws_security_group",
      "name": "asg_web_sg",
      "provider": "provider[\"registry.terraform.io/hashicorp/aws\"]",
      "instances": [
        {
          "schema_version": 1,
          "attributes": {
            "arn": "arn:aws:ec2:eu-west-2:461829972849:security-group/sg-0ad987ae2c811ae8c",
            "description": "Allow HTTP inbound connections",
            "egress": [
              {
                "cidr_blocks": [
                  "0.0.0.0/0"
                ],
                "description": "",
                "from_port": 0,
                "ipv6_cidr_blocks": [],
                "prefix_list_ids": [],
                "protocol": "-1",
                "security_groups": [],
                "self": false,
                "to_port": 0
              }
            ],
            "id": "sg-0ad987ae2c811ae8c",
            "ingress": [
              {
                "cidr_blocks": [
                  "0.0.0.0/0"
                ],
                "description": "",
                "from_port": 22,
                "ipv6_cidr_blocks": [],
                "prefix_list_ids": [],
                "protocol": "tcp",
                "security_groups": [],
                "self": false,
                "to_port": 22
              },
              {
                "cidr_blocks": [
                  "0.0.0.0/0"
                ],
                "description": "",
                "from_port": 80,
                "ipv6_cidr_blocks": [],
                "prefix_list_ids": [],
                "protocol": "tcp",
                "security_groups": [],
                "self": false,
                "to_port": 80
              }
            ],
            "name": "asg_web_sg",
            "name_prefix": "",
            "owner_id": "461829972849",
            "revoke_rules_on_delete": false,
            "tags": {
              "Name": "devops_SG_Web_Security_Group"
            },
            "tags_all": {
              "Name": "devops_SG_Web_Security_Group"
            },
            "timeouts": null,
            "vpc_id": "vpc-09dbf8ba6c25a7e54"
          },
          "sensitive_attributes": [],
          "private": "eyJlMmJmYjczMC1lY2FhLTExZTYtOGY4OC0zNDM2M2JjN2M0YzAiOnsiY3JlYXRlIjo2MDAwMDAwMDAwMDAsImRlbGV0ZSI6OTAwMDAwMDAwMDAwfSwic2NoZW1hX3ZlcnNpb24iOiIxIn0=",
          "dependencies": [
            "aws_vpc.devops_vpc"
          ],
          "create_before_destroy": true
        }
      ]
    },
    {
      "mode": "managed",
      "type": "aws_security_group",
      "name": "devops_security_group",
      "provider": "provider[\"registry.terraform.io/hashicorp/aws\"]",
      "instances": [
        {
          "schema_version": 1,
          "attributes": {
            "arn": "arn:aws:ec2:eu-west-2:461829972849:security-group/sg-054ad9ab608b95b01",
            "description": "Managed by Terraform",
            "egress": [
              {
                "cidr_blocks": [
                  "0.0.0.0/0"
                ],
                "description": "",
                "from_port": 0,
                "ipv6_cidr_blocks": [],
                "prefix_list_ids": [],
                "protocol": "-1",
                "security_groups": [],
                "self": false,
                "to_port": 0
              }
            ],
            "id": "sg-054ad9ab608b95b01",
            "ingress": [
              {
                "cidr_blocks": [
                  "0.0.0.0/0"
                ],
                "description": "",
                "from_port": 0,
                "ipv6_cidr_blocks": [],
                "prefix_list_ids": [],
                "protocol": "-1",
                "security_groups": [],
                "self": false,
                "to_port": 0
              }
            ],
            "name": "terraform-20211021121541221800000003",
            "name_prefix": "terraform-",
            "owner_id": "461829972849",
            "revoke_rules_on_delete": false,
            "tags": {
              "Name": "devops_SG"
            },
            "tags_all": {
              "Name": "devops_SG"
            },
            "timeouts": null,
            "vpc_id": "vpc-09dbf8ba6c25a7e54"
          },
          "sensitive_attributes": [],
          "private": "eyJlMmJmYjczMC1lY2FhLTExZTYtOGY4OC0zNDM2M2JjN2M0YzAiOnsiY3JlYXRlIjo2MDAwMDAwMDAwMDAsImRlbGV0ZSI6OTAwMDAwMDAwMDAwfSwic2NoZW1hX3ZlcnNpb24iOiIxIn0=",
          "dependencies": [
            "aws_vpc.devops_vpc"
          ]
        }
      ]
    },
    {
      "mode": "managed",
      "type": "aws_security_group",
      "name": "ealb_sg",
      "provider": "provider[\"registry.terraform.io/hashicorp/aws\"]",
      "instances": [
        {
          "schema_version": 1,
          "attributes": {
            "arn": "arn:aws:ec2:eu-west-2:461829972849:security-group/sg-0028a8985c26acbe9",
            "description": "load balancer security group",
            "egress": [
              {
                "cidr_blocks": [
                  "0.0.0.0/0"
                ],
                "description": "",
                "from_port": 0,
                "ipv6_cidr_blocks": [],
                "prefix_list_ids": [],
                "protocol": "-1",
                "security_groups": [],
                "self": false,
                "to_port": 0
              }
            ],
            "id": "sg-0028a8985c26acbe9",
            "ingress": [
              {
                "cidr_blocks": [
                  "0.0.0.0/0"
                ],
                "description": "",
                "from_port": 443,
                "ipv6_cidr_blocks": [],
                "prefix_list_ids": [],
                "protocol": "tcp",
                "security_groups": [],
                "self": false,
                "to_port": 443
              },
              {
                "cidr_blocks": [
                  "0.0.0.0/0"
                ],
                "description": "",
                "from_port": 80,
                "ipv6_cidr_blocks": [],
                "prefix_list_ids": [],
                "protocol": "tcp",
                "security_groups": [],
                "self": false,
                "to_port": 80
              }
            ],
            "name": "devops-sg-Ext-LB-SG",
            "name_prefix": "",
            "owner_id": "461829972849",
            "revoke_rules_on_delete": false,
            "tags": {
              "Name": "devops_Ent_LB_SG"
            },
            "tags_all": {
              "Name": "devops_Ent_LB_SG"
            },
            "timeouts": null,
            "vpc_id": "vpc-09dbf8ba6c25a7e54"
          },
          "sensitive_attributes": [],
          "private": "eyJlMmJmYjczMC1lY2FhLTExZTYtOGY4OC0zNDM2M2JjN2M0YzAiOnsiY3JlYXRlIjo2MDAwMDAwMDAwMDAsImRlbGV0ZSI6OTAwMDAwMDAwMDAwfSwic2NoZW1hX3ZlcnNpb24iOiIxIn0=",
          "dependencies": [
            "aws_vpc.devops_vpc"
          ]
        }
      ]
    },
    {
      "mode": "managed",
      "type": "aws_security_group",
      "name": "rds-db-sg",
      "provider": "provider[\"registry.terraform.io/hashicorp/aws\"]",
      "instances": [
        {
          "schema_version": 1,
          "attributes": {
            "arn": "arn:aws:ec2:eu-west-2:461829972849:security-group/sg-0f1b44bd9d0e5dfdb",
            "description": "Managed by Terraform",
            "egress": [
              {
                "cidr_blocks": [
                  "0.0.0.0/0"
                ],
                "description": "",
                "from_port": 0,
                "ipv6_cidr_blocks": [],
                "prefix_list_ids": [],
                "protocol": "-1",
                "security_groups": [],
                "self": false,
                "to_port": 0
              }
            ],
            "id": "sg-0f1b44bd9d0e5dfdb",
            "ingress": [
              {
                "cidr_blocks": [
                  "0.0.0.0/0"
                ],
                "description": "",
                "from_port": 0,
                "ipv6_cidr_blocks": [],
                "prefix_list_ids": [],
                "protocol": "tcp",
                "security_groups": [],
                "self": false,
                "to_port": 5000
              }
            ],
            "name": "mysql-security-group",
            "name_prefix": "",
            "owner_id": "461829972849",
            "revoke_rules_on_delete": false,
            "tags": {},
            "tags_all": {},
            "timeouts": null,
            "vpc_id": "vpc-09dbf8ba6c25a7e54"
          },
          "sensitive_attributes": [],
          "private": "eyJlMmJmYjczMC1lY2FhLTExZTYtOGY4OC0zNDM2M2JjN2M0YzAiOnsiY3JlYXRlIjo2MDAwMDAwMDAwMDAsImRlbGV0ZSI6OTAwMDAwMDAwMDAwfSwic2NoZW1hX3ZlcnNpb24iOiIxIn0=",
          "dependencies": [
            "aws_vpc.devops_vpc"
          ]
        }
      ]
    },
    {
      "mode": "managed",
      "type": "aws_subnet",
      "name": "devops-prv-1a",
      "provider": "provider[\"registry.terraform.io/hashicorp/aws\"]",
      "instances": [
        {
          "schema_version": 1,
          "attributes": {
            "arn": "arn:aws:ec2:eu-west-2:461829972849:subnet/subnet-0b9d2c70da321d16e",
            "assign_ipv6_address_on_creation": false,
            "availability_zone": "eu-west-2a",
            "availability_zone_id": "euw2-az2",
            "cidr_block": "10.0.4.0/24",
            "customer_owned_ipv4_pool": "",
            "id": "subnet-0b9d2c70da321d16e",
            "ipv6_cidr_block": "",
            "ipv6_cidr_block_association_id": "",
            "map_customer_owned_ip_on_launch": false,
            "map_public_ip_on_launch": false,
            "outpost_arn": "",
            "owner_id": "461829972849",
            "tags": {
              "Name": "devops_private_subnet_1a"
            },
            "tags_all": {
              "Name": "devops_private_subnet_1a"
            },
            "timeouts": null,
            "vpc_id": "vpc-09dbf8ba6c25a7e54"
          },
          "sensitive_attributes": [],
          "private": "eyJlMmJmYjczMC1lY2FhLTExZTYtOGY4OC0zNDM2M2JjN2M0YzAiOnsiY3JlYXRlIjo2MDAwMDAwMDAwMDAsImRlbGV0ZSI6MTIwMDAwMDAwMDAwMH0sInNjaGVtYV92ZXJzaW9uIjoiMSJ9",
          "dependencies": [
            "aws_vpc.devops_vpc"
          ]
        }
      ]
    },
    {
      "mode": "managed",
      "type": "aws_subnet",
      "name": "devops-pub-1a",
      "provider": "provider[\"registry.terraform.io/hashicorp/aws\"]",
      "instances": [
        {
          "schema_version": 1,
          "attributes": {
            "arn": "arn:aws:ec2:eu-west-2:461829972849:subnet/subnet-04e79d570b20dbcc6",
            "assign_ipv6_address_on_creation": false,
            "availability_zone": "eu-west-2a",
            "availability_zone_id": "euw2-az2",
            "cidr_block": "10.0.1.0/24",
            "customer_owned_ipv4_pool": "",
            "id": "subnet-04e79d570b20dbcc6",
            "ipv6_cidr_block": "",
            "ipv6_cidr_block_association_id": "",
            "map_customer_owned_ip_on_launch": false,
            "map_public_ip_on_launch": false,
            "outpost_arn": "",
            "owner_id": "461829972849",
            "tags": {
              "Name": "devops_public_subnet_1a"
            },
            "tags_all": {
              "Name": "devops_public_subnet_1a"
            },
            "timeouts": null,
            "vpc_id": "vpc-09dbf8ba6c25a7e54"
          },
          "sensitive_attributes": [],
          "private": "eyJlMmJmYjczMC1lY2FhLTExZTYtOGY4OC0zNDM2M2JjN2M0YzAiOnsiY3JlYXRlIjo2MDAwMDAwMDAwMDAsImRlbGV0ZSI6MTIwMDAwMDAwMDAwMH0sInNjaGVtYV92ZXJzaW9uIjoiMSJ9",
          "dependencies": [
            "aws_vpc.devops_vpc"
          ],
          "create_before_destroy": true
        }
      ]
    },
    {
      "mode": "managed",
      "type": "aws_subnet",
      "name": "devops-pub-1b",
      "provider": "provider[\"registry.terraform.io/hashicorp/aws\"]",
      "instances": [
        {
          "schema_version": 1,
          "attributes": {
            "arn": "arn:aws:ec2:eu-west-2:461829972849:subnet/subnet-08d74d422eac1e78f",
            "assign_ipv6_address_on_creation": false,
            "availability_zone": "eu-west-2b",
            "availability_zone_id": "euw2-az3",
            "cidr_block": "10.0.2.0/24",
            "customer_owned_ipv4_pool": "",
            "id": "subnet-08d74d422eac1e78f",
            "ipv6_cidr_block": "",
            "ipv6_cidr_block_association_id": "",
            "map_customer_owned_ip_on_launch": false,
            "map_public_ip_on_launch": false,
            "outpost_arn": "",
            "owner_id": "461829972849",
            "tags": {
              "Name": "devops_public_subnet_1b"
            },
            "tags_all": {
              "Name": "devops_public_subnet_1b"
            },
            "timeouts": null,
            "vpc_id": "vpc-09dbf8ba6c25a7e54"
          },
          "sensitive_attributes": [],
          "private": "eyJlMmJmYjczMC1lY2FhLTExZTYtOGY4OC0zNDM2M2JjN2M0YzAiOnsiY3JlYXRlIjo2MDAwMDAwMDAwMDAsImRlbGV0ZSI6MTIwMDAwMDAwMDAwMH0sInNjaGVtYV92ZXJzaW9uIjoiMSJ9",
          "dependencies": [
            "aws_vpc.devops_vpc"
          ],
          "create_before_destroy": true
        }
      ]
    },
    {
      "mode": "managed",
      "type": "aws_subnet",
      "name": "devops-pub-1c",
      "provider": "provider[\"registry.terraform.io/hashicorp/aws\"]",
      "instances": [
        {
          "schema_version": 1,
          "attributes": {
            "arn": "arn:aws:ec2:eu-west-2:461829972849:subnet/subnet-0184a1f207a1ec812",
            "assign_ipv6_address_on_creation": false,
            "availability_zone": "eu-west-2c",
            "availability_zone_id": "euw2-az1",
            "cidr_block": "10.0.3.0/24",
            "customer_owned_ipv4_pool": "",
            "id": "subnet-0184a1f207a1ec812",
            "ipv6_cidr_block": "",
            "ipv6_cidr_block_association_id": "",
            "map_customer_owned_ip_on_launch": false,
            "map_public_ip_on_launch": false,
            "outpost_arn": "",
            "owner_id": "461829972849",
            "tags": {
              "Name": "devops_public_subnet_1c"
            },
            "tags_all": {
              "Name": "devops_public_subnet_1c"
            },
            "timeouts": null,
            "vpc_id": "vpc-09dbf8ba6c25a7e54"
          },
          "sensitive_attributes": [],
          "private": "eyJlMmJmYjczMC1lY2FhLTExZTYtOGY4OC0zNDM2M2JjN2M0YzAiOnsiY3JlYXRlIjo2MDAwMDAwMDAwMDAsImRlbGV0ZSI6MTIwMDAwMDAwMDAwMH0sInNjaGVtYV92ZXJzaW9uIjoiMSJ9",
          "dependencies": [
            "aws_vpc.devops_vpc"
          ],
          "create_before_destroy": true
        }
      ]
    },
    {
      "mode": "managed",
      "type": "aws_vpc",
      "name": "devops_vpc",
      "provider": "provider[\"registry.terraform.io/hashicorp/aws\"]",
      "instances": [
        {
          "schema_version": 1,
          "attributes": {
            "arn": "arn:aws:ec2:eu-west-2:461829972849:vpc/vpc-09dbf8ba6c25a7e54",
            "assign_generated_ipv6_cidr_block": false,
            "cidr_block": "10.0.0.0/16",
            "default_network_acl_id": "acl-01b3191921ae5c175",
            "default_route_table_id": "rtb-0c79cc039b7aff647",
            "default_security_group_id": "sg-07538b8d55eeb66f5",
            "dhcp_options_id": "dopt-38c4ce50",
            "enable_classiclink": null,
            "enable_classiclink_dns_support": null,
            "enable_dns_hostnames": true,
            "enable_dns_support": true,
            "id": "vpc-09dbf8ba6c25a7e54",
            "instance_tenancy": "default",
            "ipv6_association_id": "",
            "ipv6_cidr_block": "",
            "main_route_table_id": "rtb-0c79cc039b7aff647",
            "owner_id": "461829972849",
            "tags": {
              "Name": "DevOps_VPC_Singapore"
            },
            "tags_all": {
              "Name": "DevOps_VPC_Singapore"
            }
          },
          "sensitive_attributes": [],
          "private": "eyJzY2hlbWFfdmVyc2lvbiI6IjEifQ==",
          "create_before_destroy": true
        }
      ]
    }
  ]
}
